{
  "name": "aws-post-to-connection",
  "version": "0.1.20",
  "lockfileVersion": 1,
  "requires": true,
  "dependencies": {
    "aws4": {
      "version": "1.9.1",
      "resolved": "https://registry.npmjs.org/aws4/-/aws4-1.9.1.tgz",
      "integrity": "sha512-wMHVg2EOHaMRxbzgFJ9gtjOOCrI80OHLG14rxi28XwOW8ux6IiEbRCGGGqCtdAIg4FQCbW20k9RsT4y3gJlFug=="
    }
  }
}
